// !$*UTF8*$!
{
	archiveVersion = 1;
	classes = {
	};
	objectVersion = 51;
	objects = {

/* Begin PBXBuildFile section */
		4C0E5DBBE89088EF3F4A21B4 /* Pods_UIHeaderTryOuts.framework in Frameworks */ = {isa = PBXBuildFile; fileRef = 5F7A872DB1B3CD892BB3C499 /* Pods_UIHeaderTryOuts.framework */; };
		5256282F25E3B62D0043F9C4 /* AppDelegate.swift in Sources */ = {isa = PBXBuildFile; fileRef = 5256282E25E3B62D0043F9C4 /* AppDelegate.swift */; };
		5256283125E3B62D0043F9C4 /* SceneDelegate.swift in Sources */ = {isa = PBXBuildFile; fileRef = 5256283025E3B62D0043F9C4 /* SceneDelegate.swift */; };
		5256283325E3B62D0043F9C4 /* ViewController.swift in Sources */ = {isa = PBXBuildFile; fileRef = 5256283225E3B62D0043F9C4 /* ViewController.swift */; };
		5256283825E3B6310043F9C4 /* Assets.xcassets in Resources */ = {isa = PBXBuildFile; fileRef = 5256283725E3B6310043F9C4 /* Assets.xcassets */; };
		5256283B25E3B6310043F9C4 /* LaunchScreen.storyboard in Resources */ = {isa = PBXBuildFile; fileRef = 5256283925E3B6310043F9C4 /* LaunchScreen.storyboard */; };
		5256284925E3CE520043F9C4 /* TableViewCell.swift in Sources */ = {isa = PBXBuildFile; fileRef = 5256284825E3CE520043F9C4 /* TableViewCell.swift */; };
		5256286825E3E4930043F9C4 /* TableViewController.swift in Sources */ = {isa = PBXBuildFile; fileRef = 5256286725E3E4930043F9C4 /* TableViewController.swift */; };
		5256286B25E3F8910043F9C4 /* ContentViewController.swift in Sources */ = {isa = PBXBuildFile; fileRef = 5256286A25E3F8910043F9C4 /* ContentViewController.swift */; };
		5256286E25ECD14E0043F9C4 /* DetailViewController.swift in Sources */ = {isa = PBXBuildFile; fileRef = 5256286D25ECD14E0043F9C4 /* DetailViewController.swift */; };
/* End PBXBuildFile section */

/* Begin PBXFileReference section */
		32618770EC7A2651EE5B9ECC /* Pods-UIHeaderTryOuts.release.xcconfig */ = {isa = PBXFileReference; includeInIndex = 1; lastKnownFileType = text.xcconfig; name = "Pods-UIHeaderTryOuts.release.xcconfig"; path = "Target Support Files/Pods-UIHeaderTryOuts/Pods-UIHeaderTryOuts.release.xcconfig"; sourceTree = "<group>"; };
		4DBA21AA20D873B5C5CD64DB /* Pods-UIHeaderTryOuts.debug.xcconfig */ = {isa = PBXFileReference; includeInIndex = 1; lastKnownFileType = text.xcconfig; name = "Pods-UIHeaderTryOuts.debug.xcconfig"; path = "Target Support Files/Pods-UIHeaderTryOuts/Pods-UIHeaderTryOuts.debug.xcconfig"; sourceTree = "<group>"; };
		5256282B25E3B62D0043F9C4 /* UIHeaderTryOuts.app */ = {isa = PBXFileReference; explicitFileType = wrapper.application; includeInIndex = 0; path = UIHeaderTryOuts.app; sourceTree = BUILT_PRODUCTS_DIR; };
		5256282E25E3B62D0043F9C4 /* AppDelegate.swift */ = {isa = PBXFileReference; lastKnownFileType = sourcecode.swift; path = AppDelegate.swift; sourceTree = "<group>"; };
		5256283025E3B62D0043F9C4 /* SceneDelegate.swift */ = {isa = PBXFileReference; lastKnownFileType = sourcecode.swift; path = SceneDelegate.swift; sourceTree = "<group>"; };
		5256283225E3B62D0043F9C4 /* ViewController.swift */ = {isa = PBXFileReference; lastKnownFileType = sourcecode.swift; path = ViewController.swift; sourceTree = "<group>"; };
		5256283725E3B6310043F9C4 /* Assets.xcassets */ = {isa = PBXFileReference; lastKnownFileType = folder.assetcatalog; path = Assets.xcassets; sourceTree = "<group>"; };
		5256283A25E3B6310043F9C4 /* Base */ = {isa = PBXFileReference; lastKnownFileType = file.storyboard; name = Base; path = Base.lproj/LaunchScreen.storyboard; sourceTree = "<group>"; };
		5256283C25E3B6310043F9C4 /* Info.plist */ = {isa = PBXFileReference; lastKnownFileType = text.plist.xml; path = Info.plist; sourceTree = "<group>"; };
		5256284825E3CE520043F9C4 /* TableViewCell.swift */ = {isa = PBXFileReference; lastKnownFileType = sourcecode.swift; path = TableViewCell.swift; sourceTree = "<group>"; };
		5256286725E3E4930043F9C4 /* TableViewController.swift */ = {isa = PBXFileReference; lastKnownFileType = sourcecode.swift; path = TableViewController.swift; sourceTree = "<group>"; };
		5256286A25E3F8910043F9C4 /* ContentViewController.swift */ = {isa = PBXFileReference; lastKnownFileType = sourcecode.swift; path = ContentViewController.swift; sourceTree = "<group>"; };
		5256286D25ECD14E0043F9C4 /* DetailViewController.swift */ = {isa = PBXFileReference; lastKnownFileType = sourcecode.swift; path = DetailViewController.swift; sourceTree = "<group>"; };
		5F7A872DB1B3CD892BB3C499 /* Pods_UIHeaderTryOuts.framework */ = {isa = PBXFileReference; explicitFileType = wrapper.framework; includeInIndex = 0; path = Pods_UIHeaderTryOuts.framework; sourceTree = BUILT_PRODUCTS_DIR; };
/* End PBXFileReference section */

/* Begin PBXFrameworksBuildPhase section */
		5256282825E3B62D0043F9C4 /* Frameworks */ = {
			isa = PBXFrameworksBuildPhase;
			buildActionMask = 2147483647;
			files = (
				4C0E5DBBE89088EF3F4A21B4 /* Pods_UIHeaderTryOuts.framework in Frameworks */,
			);
			runOnlyForDeploymentPostprocessing = 0;
		};
/* End PBXFrameworksBuildPhase section */

/* Begin PBXGroup section */
		5256282225E3B62D0043F9C4 = {
			isa = PBXGroup;
			children = (
				5256282D25E3B62D0043F9C4 /* UIHeaderTryOuts */,
				5256282C25E3B62D0043F9C4 /* Products */,
				8685D177D5D8494EA5880B15 /* Pods */,
				F0F3AEFE35E5EFD216429FDC /* Frameworks */,
			);
			sourceTree = "<group>";
		};
		5256282C25E3B62D0043F9C4 /* Products */ = {
			isa = PBXGroup;
			children = (
				5256282B25E3B62D0043F9C4 /* UIHeaderTryOuts.app */,
			);
			name = Products;
			sourceTree = "<group>";
		};
		5256282D25E3B62D0043F9C4 /* UIHeaderTryOuts */ = {
			isa = PBXGroup;
			children = (
				5256282E25E3B62D0043F9C4 /* AppDelegate.swift */,
				5256283025E3B62D0043F9C4 /* SceneDelegate.swift */,
				5256283225E3B62D0043F9C4 /* ViewController.swift */,
				5256286D25ECD14E0043F9C4 /* DetailViewController.swift */,
				5256286725E3E4930043F9C4 /* TableViewController.swift */,
				5256284825E3CE520043F9C4 /* TableViewCell.swift */,
				5256286A25E3F8910043F9C4 /* ContentViewController.swift */,
				5256283725E3B6310043F9C4 /* Assets.xcassets */,
				5256283925E3B6310043F9C4 /* LaunchScreen.storyboard */,
				5256283C25E3B6310043F9C4 /* Info.plist */,
			);
			path = UIHeaderTryOuts;
			sourceTree = "<group>";
		};
		8685D177D5D8494EA5880B15 /* Pods */ = {
			isa = PBXGroup;
			children = (
				4DBA21AA20D873B5C5CD64DB /* Pods-UIHeaderTryOuts.debug.xcconfig */,
				32618770EC7A2651EE5B9ECC /* Pods-UIHeaderTryOuts.release.xcconfig */,
			);
			path = Pods;
			sourceTree = "<group>";
		};
		F0F3AEFE35E5EFD216429FDC /* Frameworks */ = {
			isa = PBXGroup;
			children = (
				5F7A872DB1B3CD892BB3C499 /* Pods_UIHeaderTryOuts.framework */,
			);
			name = Frameworks;
			sourceTree = "<group>";
		};
/* End PBXGroup section */

/* Begin PBXNativeTarget section */
		5256282A25E3B62D0043F9C4 /* UIHeaderTryOuts */ = {
			isa = PBXNativeTarget;
			buildConfigurationList = 5256283F25E3B6310043F9C4 /* Build configuration list for PBXNativeTarget "UIHeaderTryOuts" */;
			buildPhases = (
				5F8D28FA5EB4CFC2A87CB64B /* [CP] Check Pods Manifest.lock */,
				5256282725E3B62D0043F9C4 /* Sources */,
				5256282825E3B62D0043F9C4 /* Frameworks */,
				5256282925E3B62D0043F9C4 /* Resources */,
				FA7AFD8B9616A9C829AE2119 /* [CP] Embed Pods Frameworks */,
			);
			buildRules = (
			);
			dependencies = (
			);
			name = UIHeaderTryOuts;
			productName = UIHeaderTryOuts;
			productReference = 5256282B25E3B62D0043F9C4 /* UIHeaderTryOuts.app */;
			productType = "com.apple.product-type.application";
		};
/* End PBXNativeTarget section */

/* Begin PBXProject section */
		5256282325E3B62D0043F9C4 /* Project object */ = {
			isa = PBXProject;
			attributes = {
				LastSwiftUpdateCheck = 1240;
				LastUpgradeCheck = 1240;
				TargetAttributes = {
					5256282A25E3B62D0043F9C4 = {
						CreatedOnToolsVersion = 12.4;
					};
				};
			};
			buildConfigurationList = 5256282625E3B62D0043F9C4 /* Build configuration list for PBXProject "UIHeaderTryOuts" */;
			compatibilityVersion = "Xcode 9.3";
			developmentRegion = en;
			hasScannedForEncodings = 0;
			knownRegions = (
				en,
				Base,
			);
			mainGroup = 5256282225E3B62D0043F9C4;
			productRefGroup = 5256282C25E3B62D0043F9C4 /* Products */;
			projectDirPath = "";
			projectRoot = "";
			targets = (
				5256282A25E3B62D0043F9C4 /* UIHeaderTryOuts */,
			);
		};
/* End PBXProject section */

/* Begin PBXResourcesBuildPhase section */
		5256282925E3B62D0043F9C4 /* Resources */ = {
			isa = PBXResourcesBuildPhase;
			buildActionMask = 2147483647;
			files = (
				5256283B25E3B6310043F9C4 /* LaunchScreen.storyboard in Resources */,
				5256283825E3B6310043F9C4 /* Assets.xcassets in Resources */,
			);
			runOnlyForDeploymentPostprocessing = 0;
		};
/* End PBXResourcesBuildPhase section */

/* Begin PBXShellScriptBuildPhase section */
		5F8D28FA5EB4CFC2A87CB64B /* [CP] Check Pods Manifest.lock */ = {
			isa = PBXShellScriptBuildPhase;
			buildActionMask = 2147483647;
			files = (
			);
			inputFileListPaths = (
			);
			inputPaths = (
				"${PODS_PODFILE_DIR_PATH}/Podfile.lock",
				"${PODS_ROOT}/Manifest.lock",
			);
			name = "[CP] Check Pods Manifest.lock";
			outputFileListPaths = (
			);
			outputPaths = (
				"$(DERIVED_FILE_DIR)/Pods-UIHeaderTryOuts-checkManifestLockResult.txt",
			);
			runOnlyForDeploymentPostprocessing = 0;
			shellPath = /bin/sh;
			shellScript = "diff \"${PODS_PODFILE_DIR_PATH}/Podfile.lock\" \"${PODS_ROOT}/Manifest.lock\" > /dev/null\nif [ $? != 0 ] ; then\n    # print error to STDERR\n    echo \"error: The sandbox is not in sync with the Podfile.lock. Run 'pod install' or update your CocoaPods installation.\" >&2\n    exit 1\nfi\n# This output is used by Xcode 'outputs' to avoid re-running this script phase.\necho \"SUCCESS\" > \"${SCRIPT_OUTPUT_FILE_0}\"\n";
			showEnvVarsInLog = 0;
		};
		FA7AFD8B9616A9C829AE2119 /* [CP] Embed Pods Frameworks */ = {
			isa = PBXShellScriptBuildPhase;
			buildActionMask = 2147483647;
			files = (
			);
			inputFileListPaths = (
				"${PODS_ROOT}/Target Support Files/Pods-UIHeaderTryOuts/Pods-UIHeaderTryOuts-frameworks-${CONFIGURATION}-input-files.xcfilelist",
			);
			name = "[CP] Embed Pods Frameworks";
			outputFileListPaths = (
				"${PODS_ROOT}/Target Support Files/Pods-UIHeaderTryOuts/Pods-UIHeaderTryOuts-frameworks-${CONFIGURATION}-output-files.xcfilelist",
			);
			runOnlyForDeploymentPostprocessing = 0;
			shellPath = /bin/sh;
			shellScript = "\"${PODS_ROOT}/Target Support Files/Pods-UIHeaderTryOuts/Pods-UIHeaderTryOuts-frameworks.sh\"\n";
			showEnvVarsInLog = 0;
		};
/* End PBXShellScriptBuildPhase section */

/* Begin PBXSourcesBuildPhase section */
		5256282725E3B62D0043F9C4 /* Sources */ = {
			isa = PBXSourcesBuildPhase;
			buildActionMask = 2147483647;
			files = (
				5256283325E3B62D0043F9C4 /* ViewController.swift in Sources */,
				5256284925E3CE520043F9C4 /* TableViewCell.swift in Sources */,
				5256282F25E3B62D0043F9C4 /* AppDelegate.swift in Sources */,
				5256286825E3E4930043F9C4 /* TableViewController.swift in Sources */,
				5256286B25E3F8910043F9C4 /* ContentViewController.swift in Sources */,
				5256283125E3B62D0043F9C4 /* SceneDelegate.swift in Sources */,
				5256286E25ECD14E0043F9C4 /* DetailViewController.swift in Sources */,
			);
			runOnlyForDeploymentPostprocessing = 0;
		};
/* End PBXSourcesBuildPhase section */

/* Begin PBXVariantGroup section */
		5256283925E3B6310043F9C4 /* LaunchScreen.storyboard */ = {
			isa = PBXVariantGroup;
			children = (
				5256283A25E3B6310043F9C4 /* Base */,
			);
			name = LaunchScreen.storyboard;
			sourceTree = "<group>";
		};
/* End PBXVariantGroup section */

/* Begin XCBuildConfiguration section */
		5256283D25E3B6310043F9C4 /* Debug */ = {
			isa = XCBuildConfiguration;
			buildSettings = {
				ALWAYS_SEARCH_USER_PATHS = NO;
				CLANG_ANALYZER_NONNULL = YES;
				CLANG_ANALYZER_NUMBER_OBJECT_CONVERSION = YES_AGGRESSIVE;
				CLANG_CXX_LANGUAGE_STANDARD = "gnu++14";
				CLANG_CXX_LIBRARY = "libc++";
				CLANG_ENABLE_MODULES = YES;
				CLANG_ENABLE_OBJC_ARC = YES;
				CLANG_ENABLE_OBJC_WEAK = YES;
				CLANG_WARN_BLOCK_CAPTURE_AUTORELEASING = YES;
				CLANG_WARN_BOOL_CONVERSION = YES;
				CLANG_WARN_COMMA = YES;
				CLANG_WARN_CONSTANT_CONVERSION = YES;
				CLANG_WARN_DEPRECATED_OBJC_IMPLEMENTATIONS = YES;
				CLANG_WARN_DIRECT_OBJC_ISA_USAGE = YES_ERROR;
				CLANG_WARN_DOCUMENTATION_COMMENTS = YES;
				CLANG_WARN_EMPTY_BODY = YES;
				CLANG_WARN_ENUM_CONVERSION = YES;
				CLANG_WARN_INFINITE_RECURSION = YES;
				CLANG_WARN_INT_CONVERSION = YES;
				CLANG_WARN_NON_LITERAL_NULL_CONVERSION = YES;
				CLANG_WARN_OBJC_IMPLICIT_RETAIN_SELF = YES;
				CLANG_WARN_OBJC_LITERAL_CONVERSION = YES;
				CLANG_WARN_OBJC_ROOT_CLASS = YES_ERROR;
				CLANG_WARN_QUOTED_INCLUDE_IN_FRAMEWORK_HEADER = YES;
				CLANG_WARN_RANGE_LOOP_ANALYSIS = YES;
				CLANG_WARN_STRICT_PROTOTYPES = YES;
				CLANG_WARN_SUSPICIOUS_MOVE = YES;
				CLANG_WARN_UNGUARDED_AVAILABILITY = YES_AGGRESSIVE;
				CLANG_WARN_UNREACHABLE_CODE = YES;
				CLANG_WARN__DUPLICATE_METHOD_MATCH = YES;
				COPY_PHASE_STRIP = NO;
				DEBUG_INFORMATION_FORMAT = dwarf;
				ENABLE_STRICT_OBJC_MSGSEND = YES;
				ENABLE_TESTABILITY = YES;
				GCC_C_LANGUAGE_STANDARD = gnu11;
				GCC_DYNAMIC_NO_PIC = NO;
				GCC_NO_COMMON_BLOCKS = YES;
				GCC_OPTIMIZATION_LEVEL = 0;
				GCC_PREPROCESSOR_DEFINITIONS = (
					"DEBUG=1",
					"$(inherited)",
				);
				GCC_WARN_64_TO_32_BIT_CONVERSION = YES;
				GCC_WARN_ABOUT_RETURN_TYPE = YES_ERROR;
				GCC_WARN_UNDECLARED_SELECTOR = YES;
				GCC_WARN_UNINITIALIZED_AUTOS = YES_AGGRESSIVE;
				GCC_WARN_UNUSED_FUNCTION = YES;
				GCC_WARN_UNUSED_VARIABLE = YES;
				IPHONEOS_DEPLOYMENT_TARGET = 14.1;
				MTL_ENABLE_DEBUG_INFO = INCLUDE_SOURCE;
				MTL_FAST_MATH = YES;
				ONLY_ACTIVE_ARCH = YES;
				SDKROOT = iphoneos;
				SWIFT_ACTIVE_COMPILATION_CONDITIONS = DEBUG;
				SWIFT_OPTIMIZATION_LEVEL = "-Onone";
			};
			name = Debug;
		};
		5256283E25E3B6310043F9C4 /* Release */ = {
			isa = XCBuildConfiguration;
			buildSettings = {
				ALWAYS_SEARCH_USER_PATHS = NO;
				CLANG_ANALYZER_NONNULL = YES;
				CLANG_ANALYZER_NUMBER_OBJECT_CONVERSION = YES_AGGRESSIVE;
				CLANG_CXX_LANGUAGE_STANDARD = "gnu++14";
				CLANG_CXX_LIBRARY = "libc++";
				CLANG_ENABLE_MODULES = YES;
				CLANG_ENABLE_OBJC_ARC = YES;
				CLANG_ENABLE_OBJC_WEAK = YES;
				CLANG_WARN_BLOCK_CAPTURE_AUTORELEASING = YES;
				CLANG_WARN_BOOL_CONVERSION = YES;
				CLANG_WARN_COMMA = YES;
				CLANG_WARN_CONSTANT_CONVERSION = YES;
				CLANG_WARN_DEPRECATED_OBJC_IMPLEMENTATIONS = YES;
				CLANG_WARN_DIRECT_OBJC_ISA_USAGE = YES_ERROR;
				CLANG_WARN_DOCUMENTATION_COMMENTS = YES;
				CLANG_WARN_EMPTY_BODY = YES;
				CLANG_WARN_ENUM_CONVERSION = YES;
				CLANG_WARN_INFINITE_RECURSION = YES;
				CLANG_WARN_INT_CONVERSION = YES;
				CLANG_WARN_NON_LITERAL_NULL_CONVERSION = YES;
				CLANG_WARN_OBJC_IMPLICIT_RETAIN_SELF = YES;
				CLANG_WARN_OBJC_LITERAL_CONVERSION = YES;
				CLANG_WARN_OBJC_ROOT_CLASS = YES_ERROR;
				CLANG_WARN_QUOTED_INCLUDE_IN_FRAMEWORK_HEADER = YES;
				CLANG_WARN_RANGE_LOOP_ANALYSIS = YES;
				CLANG_WARN_STRICT_PROTOTYPES = YES;
				CLANG_WARN_SUSPICIOUS_MOVE = YES;
				CLANG_WARN_UNGUARDED_AVAILABILITY = YES_AGGRESSIVE;
				CLANG_WARN_UNREACHABLE_CODE = YES;
				CLANG_WARN__DUPLICATE_METHOD_MATCH = YES;
				COPY_PHASE_STRIP = NO;
				DEBUG_INFORMATION_FORMAT = "dwarf-with-dsym";
				ENABLE_NS_ASSERTIONS = NO;
				ENABLE_STRICT_OBJC_MSGSEND = YES;
				GCC_C_LANGUAGE_STANDARD = gnu11;
				GCC_NO_COMMON_BLOCKS = YES;
				GCC_WARN_64_TO_32_BIT_CONVERSION = YES;
				GCC_WARN_ABOUT_RETURN_TYPE = YES_ERROR;
				GCC_WARN_UNDECLARED_SELECTOR = YES;
				GCC_WARN_UNINITIALIZED_AUTOS = YES_AGGRESSIVE;
				GCC_WARN_UNUSED_FUNCTION = YES;
				GCC_WARN_UNUSED_VARIABLE = YES;
				IPHONEOS_DEPLOYMENT_TARGET = 14.1;
				MTL_ENABLE_DEBUG_INFO = NO;
				MTL_FAST_MATH = YES;
				SDKROOT = iphoneos;
				SWIFT_COMPILATION_MODE = wholemodule;
				SWIFT_OPTIMIZATION_LEVEL = "-O";
				VALIDATE_PRODUCT = YES;
			};
			name = Release;
		};
		5256284025E3B6310043F9C4 /* Debug */ = {
			isa = XCBuildConfiguration;
			baseConfigurationReference = 4DBA21AA20D873B5C5CD64DB /* Pods-UIHeaderTryOuts.debug.xcconfig */;
			buildSettings = {
				ASSETCATALOG_COMPILER_APPICON_NAME = AppIcon;
				ASSETCATALOG_COMPILER_GLOBAL_ACCENT_COLOR_NAME = AccentColor;
				CODE_SIGN_STYLE = Automatic;
				DEVELOPMENT_TEAM = 9N6DY9LAD5;
				INFOPLIST_FILE = UIHeaderTryOuts/Info.plist;
				IPHONEOS_DEPLOYMENT_TARGET = 14.1;
				LD_RUNPATH_SEARCH_PATHS = (
					"$(inherited)",
					"@executable_path/Frameworks",
				);
				PRODUCT_BUNDLE_IDENTIFIER = com.peterszucs.UIHeaderTryOuts;
				PRODUCT_NAME = "$(TARGET_NAME)";
				SWIFT_VERSION = 5.0;
				TARGETED_DEVICE_FAMILY = 1;
			};
			name = Debug;
		};
		5256284125E3B6310043F9C4 /* Release */ = {
			isa = XCBuildConfiguration;
			baseConfigurationReference = 32618770EC7A2651EE5B9ECC /* Pods-UIHeaderTryOuts.release.xcconfig */;
			buildSettings = {
				ASSETCATALOG_COMPILER_APPICON_NAME = AppIcon;
				ASSETCATALOG_COMPILER_GLOBAL_ACCENT_COLOR_NAME = AccentColor;
				CODE_SIGN_STYLE = Automatic;
				DEVELOPMENT_TEAM = 9N6DY9LAD5;
				INFOPLIST_FILE = UIHeaderTryOuts/Info.plist;
				IPHONEOS_DEPLOYMENT_TARGET = 14.1;
				LD_RUNPATH_SEARCH_PATHS = (
					"$(inherited)",
					"@executable_path/Frameworks",
				);
				PRODUCT_BUNDLE_IDENTIFIER = com.peterszucs.UIHeaderTryOuts;
				PRODUCT_NAME = "$(TARGET_NAME)";
				SWIFT_VERSION = 5.0;
				TARGETED_DEVICE_FAMILY = 1;
			};
			name = Release;
		};
/* End XCBuildConfiguration section */

/* Begin XCConfigurationList section */
		5256282625E3B62D0043F9C4 /* Build configuration list for PBXProject "UIHeaderTryOuts" */ = {
			isa = XCConfigurationList;
			buildConfigurations = (
				5256283D25E3B6310043F9C4 /* Debug */,
				5256283E25E3B6310043F9C4 /* Release */,
			);
			defaultConfigurationIsVisible = 0;
			defaultConfigurationName = Release;
		};
		5256283F25E3B6310043F9C4 /* Build configuration list for PBXNativeTarget "UIHeaderTryOuts" */ = {
			isa = XCConfigurationList;
			buildConfigurations = (
				5256284025E3B6310043F9C4 /* Debug */,
				5256284125E3B6310043F9C4 /* Release */,
			);
			defaultConfigurationIsVisible = 0;
			defaultConfigurationName = Release;
		};
/* End XCConfigurationList section */
	};
	rootObject = 5256282325E3B62D0043F9C4 /* Project object */;
}
